// !$*UTF8*$!
{
	archiveVersion = 1;
	classes = {
	};
	objectVersion = 56;
	objects = {

/* Begin PBXBuildFile section */
		AA353B982C36CC4400AA9119 /* AppDelegate.swift in Sources */ = {isa = PBXBuildFile; fileRef = AA353B972C36CC4400AA9119 /* AppDelegate.swift */; };
		AA353B9A2C36CC4400AA9119 /* SceneDelegate.swift in Sources */ = {isa = PBXBuildFile; fileRef = AA353B992C36CC4400AA9119 /* SceneDelegate.swift */; };
		AA353B9C2C36CC4400AA9119 /* ViewController.swift in Sources */ = {isa = PBXBuildFile; fileRef = AA353B9B2C36CC4400AA9119 /* ViewController.swift */; };
		AA353B9F2C36CC4400AA9119 /* Base in Resources */ = {isa = PBXBuildFile; fileRef = AA353B9E2C36CC4400AA9119 /* Base */; };
		AA353BA12C36CC4500AA9119 /* Assets.xcassets in Resources */ = {isa = PBXBuildFile; fileRef = AA353BA02C36CC4500AA9119 /* Assets.xcassets */; };
		AA353BA42C36CC4500AA9119 /* Base in Resources */ = {isa = PBXBuildFile; fileRef = AA353BA32C36CC4500AA9119 /* Base */; };
		AA353BAF2C36CC7A00AA9119 /* RealmSwift in Frameworks */ = {isa = PBXBuildFile; productRef = AA353BAE2C36CC7A00AA9119 /* RealmSwift */; };
		AA353BB22C36CCA400AA9119 /* SnapKit in Frameworks */ = {isa = PBXBuildFile; productRef = AA353BB12C36CCA400AA9119 /* SnapKit */; };
		AA353BB42C36CCA400AA9119 /* SnapKit-Dynamic in Frameworks */ = {isa = PBXBuildFile; productRef = AA353BB32C36CCA400AA9119 /* SnapKit-Dynamic */; };
		AA353BB62C36CE3600AA9119 /* RMRealmClass.swift in Sources */ = {isa = PBXBuildFile; fileRef = AA353BB52C36CE3600AA9119 /* RMRealmClass.swift */; };
		AA353BB82C36CEAE00AA9119 /* NetworkManager.swift in Sources */ = {isa = PBXBuildFile; fileRef = AA353BB72C36CEAE00AA9119 /* NetworkManager.swift */; };
		AA353BBA2C36CF3500AA9119 /* TableViewCell.swift in Sources */ = {isa = PBXBuildFile; fileRef = AA353BB92C36CF3500AA9119 /* TableViewCell.swift */; };
/* End PBXBuildFile section */

/* Begin PBXFileReference section */
		AA353B942C36CC4400AA9119 /* RickRM.app */ = {isa = PBXFileReference; explicitFileType = wrapper.application; includeInIndex = 0; path = RickRM.app; sourceTree = BUILT_PRODUCTS_DIR; };
		AA353B972C36CC4400AA9119 /* AppDelegate.swift */ = {isa = PBXFileReference; lastKnownFileType = sourcecode.swift; path = AppDelegate.swift; sourceTree = "<group>"; };
		AA353B992C36CC4400AA9119 /* SceneDelegate.swift */ = {isa = PBXFileReference; lastKnownFileType = sourcecode.swift; path = SceneDelegate.swift; sourceTree = "<group>"; };
		AA353B9B2C36CC4400AA9119 /* ViewController.swift */ = {isa = PBXFileReference; lastKnownFileType = sourcecode.swift; path = ViewController.swift; sourceTree = "<group>"; };
		AA353B9E2C36CC4400AA9119 /* Base */ = {isa = PBXFileReference; lastKnownFileType = file.storyboard; name = Base; path = Base.lproj/Main.storyboard; sourceTree = "<group>"; };
		AA353BA02C36CC4500AA9119 /* Assets.xcassets */ = {isa = PBXFileReference; lastKnownFileType = folder.assetcatalog; path = Assets.xcassets; sourceTree = "<group>"; };
		AA353BA32C36CC4500AA9119 /* Base */ = {isa = PBXFileReference; lastKnownFileType = file.storyboard; name = Base; path = Base.lproj/LaunchScreen.storyboard; sourceTree = "<group>"; };
		AA353BA52C36CC4500AA9119 /* Info.plist */ = {isa = PBXFileReference; lastKnownFileType = text.plist.xml; path = Info.plist; sourceTree = "<group>"; };
		AA353BB52C36CE3600AA9119 /* RMRealmClass.swift */ = {isa = PBXFileReference; lastKnownFileType = sourcecode.swift; path = RMRealmClass.swift; sourceTree = "<group>"; };
		AA353BB72C36CEAE00AA9119 /* NetworkManager.swift */ = {isa = PBXFileReference; lastKnownFileType = sourcecode.swift; path = NetworkManager.swift; sourceTree = "<group>"; };
		AA353BB92C36CF3500AA9119 /* TableViewCell.swift */ = {isa = PBXFileReference; lastKnownFileType = sourcecode.swift; path = TableViewCell.swift; sourceTree = "<group>"; };
/* End PBXFileReference section */

/* Begin PBXFrameworksBuildPhase section */
		AA353B912C36CC4400AA9119 /* Frameworks */ = {
			isa = PBXFrameworksBuildPhase;
			buildActionMask = 2147483647;
			files = (
				AA353BB22C36CCA400AA9119 /* SnapKit in Frameworks */,
				AA353BAF2C36CC7A00AA9119 /* RealmSwift in Frameworks */,
				AA353BB42C36CCA400AA9119 /* SnapKit-Dynamic in Frameworks */,
			);
			runOnlyForDeploymentPostprocessing = 0;
		};
/* End PBXFrameworksBuildPhase section */

/* Begin PBXGroup section */
		AA353B8B2C36CC4400AA9119 = {
			isa = PBXGroup;
			children = (
				AA353B962C36CC4400AA9119 /* RickRM */,
				AA353B952C36CC4400AA9119 /* Products */,
			);
			sourceTree = "<group>";
		};
		AA353B952C36CC4400AA9119 /* Products */ = {
			isa = PBXGroup;
			children = (
				AA353B942C36CC4400AA9119 /* RickRM.app */,
			);
			name = Products;
			sourceTree = "<group>";
		};
		AA353B962C36CC4400AA9119 /* RickRM */ = {
			isa = PBXGroup;
			children = (
				AA353B972C36CC4400AA9119 /* AppDelegate.swift */,
				AA353B992C36CC4400AA9119 /* SceneDelegate.swift */,
				AA353B9B2C36CC4400AA9119 /* ViewController.swift */,
				AA353BB72C36CEAE00AA9119 /* NetworkManager.swift */,
				AA353BB92C36CF3500AA9119 /* TableViewCell.swift */,
				AA353BB52C36CE3600AA9119 /* RMRealmClass.swift */,
				AA353B9D2C36CC4400AA9119 /* Main.storyboard */,
				AA353BA02C36CC4500AA9119 /* Assets.xcassets */,
				AA353BA22C36CC4500AA9119 /* LaunchScreen.storyboard */,
				AA353BA52C36CC4500AA9119 /* Info.plist */,
			);
			path = RickRM;
			sourceTree = "<group>";
		};
/* End PBXGroup section */

/* Begin PBXNativeTarget section */
		AA353B932C36CC4400AA9119 /* RickRM */ = {
			isa = PBXNativeTarget;
			buildConfigurationList = AA353BA82C36CC4500AA9119 /* Build configuration list for PBXNativeTarget "RickRM" */;
			buildPhases = (
				AA353B902C36CC4400AA9119 /* Sources */,
				AA353B912C36CC4400AA9119 /* Frameworks */,
				AA353B922C36CC4400AA9119 /* Resources */,
				AA1D00BB2C49B39D001AC05C /* ShellScript */,
			);
			buildRules = (
			);
			dependencies = (
			);
			name = RickRM;
			packageProductDependencies = (
				AA353BAE2C36CC7A00AA9119 /* RealmSwift */,
				AA353BB12C36CCA400AA9119 /* SnapKit */,
				AA353BB32C36CCA400AA9119 /* SnapKit-Dynamic */,
			);
			productName = RickRM;
			productReference = AA353B942C36CC4400AA9119 /* RickRM.app */;
			productType = "com.apple.product-type.application";
		};
/* End PBXNativeTarget section */

/* Begin PBXProject section */
		AA353B8C2C36CC4400AA9119 /* Project object */ = {
			isa = PBXProject;
			attributes = {
				BuildIndependentTargetsInParallel = 1;
				LastSwiftUpdateCheck = 1530;
				LastUpgradeCheck = 1530;
				TargetAttributes = {
					AA353B932C36CC4400AA9119 = {
						CreatedOnToolsVersion = 15.3;
					};
				};
			};
			buildConfigurationList = AA353B8F2C36CC4400AA9119 /* Build configuration list for PBXProject "RickRM" */;
			compatibilityVersion = "Xcode 14.0";
			developmentRegion = en;
			hasScannedForEncodings = 0;
			knownRegions = (
				en,
				Base,
			);
			mainGroup = AA353B8B2C36CC4400AA9119;
			packageReferences = (
				AA353BAB2C36CC7A00AA9119 /* XCRemoteSwiftPackageReference "realm-swift" */,
				AA353BB02C36CCA400AA9119 /* XCRemoteSwiftPackageReference "SnapKit" */,
			);
			productRefGroup = AA353B952C36CC4400AA9119 /* Products */;
			projectDirPath = "";
			projectRoot = "";
			targets = (
				AA353B932C36CC4400AA9119 /* RickRM */,
			);
		};
/* End PBXProject section */

/* Begin PBXResourcesBuildPhase section */
		AA353B922C36CC4400AA9119 /* Resources */ = {
			isa = PBXResourcesBuildPhase;
			buildActionMask = 2147483647;
			files = (
				AA353BA12C36CC4500AA9119 /* Assets.xcassets in Resources */,
				AA353BA42C36CC4500AA9119 /* Base in Resources */,
				AA353B9F2C36CC4400AA9119 /* Base in Resources */,
			);
			runOnlyForDeploymentPostprocessing = 0;
		};
/* End PBXResourcesBuildPhase section */

/* Begin PBXShellScriptBuildPhase section */
		AA1D00BB2C49B39D001AC05C /* ShellScript */ = {
			isa = PBXShellScriptBuildPhase;
			alwaysOutOfDate = 1;
			buildActionMask = 2147483647;
			files = (
			);
			inputFileListPaths = (
			);
			inputPaths = (
			);
			outputFileListPaths = (
			);
			outputPaths = (
			);
			runOnlyForDeploymentPostprocessing = 0;
			shellPath = /bin/sh;
			shellScript = "if [[ \"$(uname -m)\" == arm64 ]]; then\n    export PATH=\"/opt/homebrew/bin:$PATH\"\nfi\n\nif which swiftlint > /dev/null; then\n  swiftlint\nelse\n  echo \"warning: SwiftLint not installed, download from https://github.com/realm/SwiftLint\"\nfi\n";
			showEnvVarsInLog = 0;
		};
/* End PBXShellScriptBuildPhase section */

/* Begin PBXSourcesBuildPhase section */
		AA353B902C36CC4400AA9119 /* Sources */ = {
			isa = PBXSourcesBuildPhase;
			buildActionMask = 2147483647;
			files = (
				AA353B9C2C36CC4400AA9119 /* ViewController.swift in Sources */,
				AA353B982C36CC4400AA9119 /* AppDelegate.swift in Sources */,
				AA353BB82C36CEAE00AA9119 /* NetworkManager.swift in Sources */,
				AA353BBA2C36CF3500AA9119 /* TableViewCell.swift in Sources */,
				AA353B9A2C36CC4400AA9119 /* SceneDelegate.swift in Sources */,
				AA353BB62C36CE3600AA9119 /* RMRealmClass.swift in Sources */,
			);
			runOnlyForDeploymentPostprocessing = 0;
		};
/* End PBXSourcesBuildPhase section */

/* Begin PBXVariantGroup section */
		AA353B9D2C36CC4400AA9119 /* Main.storyboard */ = {
			isa = PBXVariantGroup;
			children = (
				AA353B9E2C36CC4400AA9119 /* Base */,
			);
			name = Main.storyboard;
			sourceTree = "<group>";
		};
		AA353BA22C36CC4500AA9119 /* LaunchScreen.storyboard */ = {
			isa = PBXVariantGroup;
			children = (
				AA353BA32C36CC4500AA9119 /* Base */,
			);
			name = LaunchScreen.storyboard;
			sourceTree = "<group>";
		};
/* End PBXVariantGroup section */

/* Begin XCBuildConfiguration section */
		AA353BA62C36CC4500AA9119 /* Debug */ = {
			isa = XCBuildConfiguration;
			buildSettings = {
				ALWAYS_SEARCH_USER_PATHS = NO;
				ASSETCATALOG_COMPILER_GENERATE_SWIFT_ASSET_SYMBOL_EXTENSIONS = YES;
				CLANG_ANALYZER_NONNULL = YES;
				CLANG_ANALYZER_NUMBER_OBJECT_CONVERSION = YES_AGGRESSIVE;
				CLANG_CXX_LANGUAGE_STANDARD = "gnu++20";
				CLANG_ENABLE_MODULES = YES;
				CLANG_ENABLE_OBJC_ARC = YES;
				CLANG_ENABLE_OBJC_WEAK = YES;
				CLANG_WARN_BLOCK_CAPTURE_AUTORELEASING = YES;
				CLANG_WARN_BOOL_CONVERSION = YES;
				CLANG_WARN_COMMA = YES;
				CLANG_WARN_CONSTANT_CONVERSION = YES;
				CLANG_WARN_DEPRECATED_OBJC_IMPLEMENTATIONS = YES;
				CLANG_WARN_DIRECT_OBJC_ISA_USAGE = YES_ERROR;
				CLANG_WARN_DOCUMENTATION_COMMENTS = YES;
				CLANG_WARN_EMPTY_BODY = YES;
				CLANG_WARN_ENUM_CONVERSION = YES;
				CLANG_WARN_INFINITE_RECURSION = YES;
				CLANG_WARN_INT_CONVERSION = YES;
				CLANG_WARN_NON_LITERAL_NULL_CONVERSION = YES;
				CLANG_WARN_OBJC_IMPLICIT_RETAIN_SELF = YES;
				CLANG_WARN_OBJC_LITERAL_CONVERSION = YES;
				CLANG_WARN_OBJC_ROOT_CLASS = YES_ERROR;
				CLANG_WARN_QUOTED_INCLUDE_IN_FRAMEWORK_HEADER = YES;
				CLANG_WARN_RANGE_LOOP_ANALYSIS = YES;
				CLANG_WARN_STRICT_PROTOTYPES = YES;
				CLANG_WARN_SUSPICIOUS_MOVE = YES;
				CLANG_WARN_UNGUARDED_AVAILABILITY = YES_AGGRESSIVE;
				CLANG_WARN_UNREACHABLE_CODE = YES;
				CLANG_WARN__DUPLICATE_METHOD_MATCH = YES;
				COPY_PHASE_STRIP = NO;
				DEBUG_INFORMATION_FORMAT = dwarf;
				ENABLE_STRICT_OBJC_MSGSEND = YES;
				ENABLE_TESTABILITY = YES;
				ENABLE_USER_SCRIPT_SANDBOXING = NO;
				GCC_C_LANGUAGE_STANDARD = gnu17;
				GCC_DYNAMIC_NO_PIC = NO;
				GCC_NO_COMMON_BLOCKS = YES;
				GCC_OPTIMIZATION_LEVEL = 0;
				GCC_PREPROCESSOR_DEFINITIONS = (
					"DEBUG=1",
					"$(inherited)",
				);
				GCC_WARN_64_TO_32_BIT_CONVERSION = YES;
				GCC_WARN_ABOUT_RETURN_TYPE = YES_ERROR;
				GCC_WARN_UNDECLARED_SELECTOR = YES;
				GCC_WARN_UNINITIALIZED_AUTOS = YES_AGGRESSIVE;
				GCC_WARN_UNUSED_FUNCTION = YES;
				GCC_WARN_UNUSED_VARIABLE = YES;
				IPHONEOS_DEPLOYMENT_TARGET = 17.4;
				LOCALIZATION_PREFERS_STRING_CATALOGS = YES;
				MTL_ENABLE_DEBUG_INFO = INCLUDE_SOURCE;
				MTL_FAST_MATH = YES;
				ONLY_ACTIVE_ARCH = YES;
				SDKROOT = iphoneos;
				SWIFT_ACTIVE_COMPILATION_CONDITIONS = "DEBUG $(inherited)";
				SWIFT_OPTIMIZATION_LEVEL = "-Onone";
			};
			name = Debug;
		};
		AA353BA72C36CC4500AA9119 /* Release */ = {
			isa = XCBuildConfiguration;
			buildSettings = {
				ALWAYS_SEARCH_USER_PATHS = NO;
				ASSETCATALOG_COMPILER_GENERATE_SWIFT_ASSET_SYMBOL_EXTENSIONS = YES;
				CLANG_ANALYZER_NONNULL = YES;
				CLANG_ANALYZER_NUMBER_OBJECT_CONVERSION = YES_AGGRESSIVE;
				CLANG_CXX_LANGUAGE_STANDARD = "gnu++20";
				CLANG_ENABLE_MODULES = YES;
				CLANG_ENABLE_OBJC_ARC = YES;
				CLANG_ENABLE_OBJC_WEAK = YES;
				CLANG_WARN_BLOCK_CAPTURE_AUTORELEASING = YES;
				CLANG_WARN_BOOL_CONVERSION = YES;
				CLANG_WARN_COMMA = YES;
				CLANG_WARN_CONSTANT_CONVERSION = YES;
				CLANG_WARN_DEPRECATED_OBJC_IMPLEMENTATIONS = YES;
				CLANG_WARN_DIRECT_OBJC_ISA_USAGE = YES_ERROR;
				CLANG_WARN_DOCUMENTATION_COMMENTS = YES;
				CLANG_WARN_EMPTY_BODY = YES;
				CLANG_WARN_ENUM_CONVERSION = YES;
				CLANG_WARN_INFINITE_RECURSION = YES;
				CLANG_WARN_INT_CONVERSION = YES;
				CLANG_WARN_NON_LITERAL_NULL_CONVERSION = YES;
				CLANG_WARN_OBJC_IMPLICIT_RETAIN_SELF = YES;
				CLANG_WARN_OBJC_LITERAL_CONVERSION = YES;
				CLANG_WARN_OBJC_ROOT_CLASS = YES_ERROR;
				CLANG_WARN_QUOTED_INCLUDE_IN_FRAMEWORK_HEADER = YES;
				CLANG_WARN_RANGE_LOOP_ANALYSIS = YES;
				CLANG_WARN_STRICT_PROTOTYPES = YES;
				CLANG_WARN_SUSPICIOUS_MOVE = YES;
				CLANG_WARN_UNGUARDED_AVAILABILITY = YES_AGGRESSIVE;
				CLANG_WARN_UNREACHABLE_CODE = YES;
				CLANG_WARN__DUPLICATE_METHOD_MATCH = YES;
				COPY_PHASE_STRIP = NO;
				DEBUG_INFORMATION_FORMAT = "dwarf-with-dsym";
				ENABLE_NS_ASSERTIONS = NO;
				ENABLE_STRICT_OBJC_MSGSEND = YES;
				ENABLE_USER_SCRIPT_SANDBOXING = NO;
				GCC_C_LANGUAGE_STANDARD = gnu17;
				GCC_NO_COMMON_BLOCKS = YES;
				GCC_WARN_64_TO_32_BIT_CONVERSION = YES;
				GCC_WARN_ABOUT_RETURN_TYPE = YES_ERROR;
				GCC_WARN_UNDECLARED_SELECTOR = YES;
				GCC_WARN_UNINITIALIZED_AUTOS = YES_AGGRESSIVE;
				GCC_WARN_UNUSED_FUNCTION = YES;
				GCC_WARN_UNUSED_VARIABLE = YES;
				IPHONEOS_DEPLOYMENT_TARGET = 17.4;
				LOCALIZATION_PREFERS_STRING_CATALOGS = YES;
				MTL_ENABLE_DEBUG_INFO = NO;
				MTL_FAST_MATH = YES;
				SDKROOT = iphoneos;
				SWIFT_COMPILATION_MODE = wholemodule;
				VALIDATE_PRODUCT = YES;
			};
			name = Release;
		};
		AA353BA92C36CC4500AA9119 /* Debug */ = {
			isa = XCBuildConfiguration;
			buildSettings = {
				ASSETCATALOG_COMPILER_APPICON_NAME = AppIcon;
				ASSETCATALOG_COMPILER_GLOBAL_ACCENT_COLOR_NAME = AccentColor;
				CODE_SIGN_STYLE = Automatic;
				CURRENT_PROJECT_VERSION = 1;
				DEVELOPMENT_TEAM = 77KKK88QP8;
				GENERATE_INFOPLIST_FILE = YES;
				INFOPLIST_FILE = RickRM/Info.plist;
				INFOPLIST_KEY_UIApplicationSupportsIndirectInputEvents = YES;
				INFOPLIST_KEY_UILaunchStoryboardName = LaunchScreen;
				INFOPLIST_KEY_UIMainStoryboardFile = Main;
				INFOPLIST_KEY_UISupportedInterfaceOrientations_iPad = "UIInterfaceOrientationPortrait UIInterfaceOrientationPortraitUpsideDown UIInterfaceOrientationLandscapeLeft UIInterfaceOrientationLandscapeRight";
				INFOPLIST_KEY_UISupportedInterfaceOrientations_iPhone = "UIInterfaceOrientationPortrait UIInterfaceOrientationLandscapeLeft UIInterfaceOrientationLandscapeRight";
				LD_RUNPATH_SEARCH_PATHS = (
					"$(inherited)",
					"@executable_path/Frameworks",
				);
				MARKETING_VERSION = 1.0;
				PRODUCT_BUNDLE_IDENTIFIER = Raheemspb.RickRM;
				PRODUCT_NAME = "$(TARGET_NAME)";
				SWIFT_EMIT_LOC_STRINGS = YES;
				SWIFT_VERSION = 5.0;
				TARGETED_DEVICE_FAMILY = "1,2";
			};
			name = Debug;
		};
		AA353BAA2C36CC4500AA9119 /* Release */ = {
			isa = XCBuildConfiguration;
			buildSettings = {
				ASSETCATALOG_COMPILER_APPICON_NAME = AppIcon;
				ASSETCATALOG_COMPILER_GLOBAL_ACCENT_COLOR_NAME = AccentColor;
				CODE_SIGN_STYLE = Automatic;
				CURRENT_PROJECT_VERSION = 1;
				DEVELOPMENT_TEAM = 77KKK88QP8;
				GENERATE_INFOPLIST_FILE = YES;
				INFOPLIST_FILE = RickRM/Info.plist;
				INFOPLIST_KEY_UIApplicationSupportsIndirectInputEvents = YES;
				INFOPLIST_KEY_UILaunchStoryboardName = LaunchScreen;
				INFOPLIST_KEY_UIMainStoryboardFile = Main;
				INFOPLIST_KEY_UISupportedInterfaceOrientations_iPad = "UIInterfaceOrientationPortrait UIInterfaceOrientationPortraitUpsideDown UIInterfaceOrientationLandscapeLeft UIInterfaceOrientationLandscapeRight";
				INFOPLIST_KEY_UISupportedInterfaceOrientations_iPhone = "UIInterfaceOrientationPortrait UIInterfaceOrientationLandscapeLeft UIInterfaceOrientationLandscapeRight";
				LD_RUNPATH_SEARCH_PATHS = (
					"$(inherited)",
					"@executable_path/Frameworks",
				);
				MARKETING_VERSION = 1.0;
				PRODUCT_BUNDLE_IDENTIFIER = Raheemspb.RickRM;
				PRODUCT_NAME = "$(TARGET_NAME)";
				SWIFT_EMIT_LOC_STRINGS = YES;
				SWIFT_VERSION = 5.0;
				TARGETED_DEVICE_FAMILY = "1,2";
			};
			name = Release;
		};
/* End XCBuildConfiguration section */

/* Begin XCConfigurationList section */
		AA353B8F2C36CC4400AA9119 /* Build configuration list for PBXProject "RickRM" */ = {
			isa = XCConfigurationList;
			buildConfigurations = (
				AA353BA62C36CC4500AA9119 /* Debug */,
				AA353BA72C36CC4500AA9119 /* Release */,
			);
			defaultConfigurationIsVisible = 0;
			defaultConfigurationName = Release;
		};
		AA353BA82C36CC4500AA9119 /* Build configuration list for PBXNativeTarget "RickRM" */ = {
			isa = XCConfigurationList;
			buildConfigurations = (
				AA353BA92C36CC4500AA9119 /* Debug */,
				AA353BAA2C36CC4500AA9119 /* Release */,
			);
			defaultConfigurationIsVisible = 0;
			defaultConfigurationName = Release;
		};
/* End XCConfigurationList section */

/* Begin XCRemoteSwiftPackageReference section */
		AA353BAB2C36CC7A00AA9119 /* XCRemoteSwiftPackageReference "realm-swift" */ = {
			isa = XCRemoteSwiftPackageReference;
			repositoryURL = "https://github.com/realm/realm-swift";
			requirement = {
				branch = master;
				kind = branch;
			};
		};
		AA353BB02C36CCA400AA9119 /* XCRemoteSwiftPackageReference "SnapKit" */ = {
			isa = XCRemoteSwiftPackageReference;
			repositoryURL = "https://github.com/SnapKit/SnapKit";
			requirement = {
				kind = upToNextMajorVersion;
				minimumVersion = 5.7.1;
			};
		};
/* End XCRemoteSwiftPackageReference section */

/* Begin XCSwiftPackageProductDependency section */
		AA353BAE2C36CC7A00AA9119 /* RealmSwift */ = {
			isa = XCSwiftPackageProductDependency;
			package = AA353BAB2C36CC7A00AA9119 /* XCRemoteSwiftPackageReference "realm-swift" */;
			productName = RealmSwift;
		};
		AA353BB12C36CCA400AA9119 /* SnapKit */ = {
			isa = XCSwiftPackageProductDependency;
			package = AA353BB02C36CCA400AA9119 /* XCRemoteSwiftPackageReference "SnapKit" */;
			productName = SnapKit;
		};
		AA353BB32C36CCA400AA9119 /* SnapKit-Dynamic */ = {
			isa = XCSwiftPackageProductDependency;
			package = AA353BB02C36CCA400AA9119 /* XCRemoteSwiftPackageReference "SnapKit" */;
			productName = "SnapKit-Dynamic";
		};
/* End XCSwiftPackageProductDependency section */
	};
	rootObject = AA353B8C2C36CC4400AA9119 /* Project object */;
}
